
Microsoft Visual Studio Solution File, Format Version 12.00
# Visual Studio Version 16
VisualStudioVersion = 16.0.29230.47
MinimumVisualStudioVersion = 10.0.40219.1
Project("{FAE04EC0-301F-11D3-BF4B-00C04F79EFBC}") = "XmlConsoleApplication", "XmlConsoleApplication\XmlConsoleApplication.csproj", "{684AFFDB-1E6F-4D48-BD38-806A2212F12B}"
EndProject
Global
	GlobalSection(SolutionConfigurationPlatforms) = preSolution
		Debug|Any CPU = Debug|Any CPU
		Release|Any CPU = Release|Any CPU
	EndGlobalSection
	GlobalSection(ProjectConfigurationPlatforms) = postSolution
		{684AFFDB-1E6F-4D48-BD38-806A2212F12B}.Debug|Any CPU.ActiveCfg = Debug|Any CPU
		{684AFFDB-1E6F-4D48-BD38-806A2212F12B}.Debug|Any CPU.Build.0 = Debug|Any CPU
		{684AFFDB-1E6F-4D48-BD38-806A2212F12B}.Release|Any CPU.ActiveCfg = Release|Any CPU
		{684AFFDB-1E6F-4D48-BD38-806A2212F12B}.Release|Any CPU.Build.0 = Release|Any CPU
	EndGlobalSection
	GlobalSection(SolutionProperties) = preSolution
		HideSolutionNode = FALSE
	EndGlobalSection
	GlobalSection(ExtensibilityGlobals) = postSolution
		SolutionGuid = {59932066-582C-472A-A79B-CF5CEF5ABB2F}
	EndGlobalSection
EndGlobal
